
Microsoft Visual Studio Solution File, Format Version 12.00
Project("{FAE04EC0-301F-11D3-BF4B-00C04F79EFBC}") = "WindowsFormsAppUsecase", "WindowsFormsAppUsecase\WindowsFormsAppUsecase.csproj", "{FED245A8-E721-494F-95FC-9CA71508B21C}"
EndProject
Global
	GlobalSection(SolutionConfigurationPlatforms) = preSolution
		Debug|Any CPU = Debug|Any CPU
		Release|Any CPU = Release|Any CPU
	EndGlobalSection
	GlobalSection(ProjectConfigurationPlatforms) = postSolution
		{FED245A8-E721-494F-95FC-9CA71508B21C}.Debug|Any CPU.ActiveCfg = Debug|Any CPU
		{FED245A8-E721-494F-95FC-9CA71508B21C}.Debug|Any CPU.Build.0 = Debug|Any CPU
		{FED245A8-E721-494F-95FC-9CA71508B21C}.Release|Any CPU.ActiveCfg = Release|Any CPU
		{FED245A8-E721-494F-95FC-9CA71508B21C}.Release|Any CPU.Build.0 = Release|Any CPU
	EndGlobalSection
EndGlobal
